<?xml version="1.0" encoding="utf-8"?>
<Project ToolsVersion="4.0" xmlns="http://schemas.microsoft.com/developer/msbuild/2003">
  <ItemGroup>
    <ClCompile Include="main.cpp" />
    <ClCompile Include="DataStructure\01_LinkedList\LinkedList.cpp" />
    <ClCompile Include="DataStructure\01_LinkedList\DoubleLinkedList.cpp" />
    <ClCompile Include="DataStructure\02_Stack\Stack.cpp" />
    <ClCompile Include="DataStructure\03_Queue\Queue.cpp" />
    <ClCompile Include="DataStructure\04_Tree\Tree.cpp" />
    <ClCompile Include="DataStructure\05_Heap\Heap.cpp" />
    <ClCompile Include="Algorithm\01_SelectionSort\SelectionSort.cpp" />
    <ClCompile Include="Algorithm\02_InsertionSort\InsertionSort.cpp" />
    <ClCompile Include="Algorithm\03_BubbleSort\BubbleSort.cpp" />
    <ClCompile Include="Algorithm\04_QuickSort\QuickSort.cpp" />
    <ClCompile Include="Algorithm\05_MergeSort\MergeSort.cpp" />
  </ItemGroup>
  <ItemGroup>
    <ClInclude Include="main.h" />
    <ClInclude Include="stdafx.h" />
    <ClInclude Include="DataStructure\01_LinkedList\LinkedList.h" />
    <ClInclude Include="DataStructure\01_LinkedList\DoubleLinkedList.h" />
    <ClInclude Include="DataStructure\02_Stack\Stack.h" />
    <ClInclude Include="DataStructure\03_Queue\Queue.h" />
    <ClInclude Include="DataStructure\04_Tree\Tree.h" />
    <ClInclude Include="DataStructure\05_Heap\Heap.h" />
    <ClInclude Include="Algorithm\01_SelectionSort\SelectionSort.h" />
    <ClInclude Include="Algorithm\02_InsertionSort\InsertionSort.h" />
    <ClInclude Include="Algorithm\03_BubbleSort\BubbleSort.h" />
    <ClInclude Include="Algorithm\04_QuickSort\QuickSort.h" />
    <ClInclude Include="Algorithm\05_MergeSort\MergeSort.h" />
  </ItemGroup>
</Project>